// !$*UTF8*$!
{
	archiveVersion = 1;
	classes = {
	};
	objectVersion = 46;
	objects = {

/* Begin PBXBuildFile section */
		76F673821A0AEEA700AFE179 /* AppDelegate.swift in Sources */ = {isa = PBXBuildFile; fileRef = 76F673811A0AEEA700AFE179 /* AppDelegate.swift */; };
		76F673841A0AEEA700AFE179 /* ViewController.swift in Sources */ = {isa = PBXBuildFile; fileRef = 76F673831A0AEEA700AFE179 /* ViewController.swift */; };
		76F673871A0AEEA700AFE179 /* Main.storyboard in Resources */ = {isa = PBXBuildFile; fileRef = 76F673851A0AEEA700AFE179 /* Main.storyboard */; };
		76F673891A0AEEA700AFE179 /* Images.xcassets in Resources */ = {isa = PBXBuildFile; fileRef = 76F673881A0AEEA700AFE179 /* Images.xcassets */; };
		76F6738C1A0AEEA700AFE179 /* LaunchScreen.xib in Resources */ = {isa = PBXBuildFile; fileRef = 76F6738A1A0AEEA700AFE179 /* LaunchScreen.xib */; };
		76F673981A0AEEA700AFE179 /* postcard2Tests.swift in Sources */ = {isa = PBXBuildFile; fileRef = 76F673971A0AEEA700AFE179 /* postcard2Tests.swift */; };
/* End PBXBuildFile section */

/* Begin PBXContainerItemProxy section */
		76F673921A0AEEA700AFE179 /* PBXContainerItemProxy */ = {
			isa = PBXContainerItemProxy;
			containerPortal = 76F673741A0AEEA700AFE179 /* Project object */;
			proxyType = 1;
			remoteGlobalIDString = 76F6737B1A0AEEA700AFE179;
			remoteInfo = postcard2;
		};
/* End PBXContainerItemProxy section */

/* Begin PBXFileReference section */
		76F6737C1A0AEEA700AFE179 /* postcard2.app */ = {isa = PBXFileReference; explicitFileType = wrapper.application; includeInIndex = 0; path = postcard2.app; sourceTree = BUILT_PRODUCTS_DIR; };
		76F673801A0AEEA700AFE179 /* Info.plist */ = {isa = PBXFileReference; lastKnownFileType = text.plist.xml; path = Info.plist; sourceTree = "<group>"; };
		76F673811A0AEEA700AFE179 /* AppDelegate.swift */ = {isa = PBXFileReference; lastKnownFileType = sourcecode.swift; path = AppDelegate.swift; sourceTree = "<group>"; };
		76F673831A0AEEA700AFE179 /* ViewController.swift */ = {isa = PBXFileReference; lastKnownFileType = sourcecode.swift; path = ViewController.swift; sourceTree = "<group>"; };
		76F673861A0AEEA700AFE179 /* Base */ = {isa = PBXFileReference; lastKnownFileType = file.storyboard; name = Base; path = Base.lproj/Main.storyboard; sourceTree = "<group>"; };
		76F673881A0AEEA700AFE179 /* Images.xcassets */ = {isa = PBXFileReference; lastKnownFileType = folder.assetcatalog; path = Images.xcassets; sourceTree = "<group>"; };
		76F6738B1A0AEEA700AFE179 /* Base */ = {isa = PBXFileReference; lastKnownFileType = file.xib; name = Base; path = Base.lproj/LaunchScreen.xib; sourceTree = "<group>"; };
		76F673911A0AEEA700AFE179 /* postcard2Tests.xctest */ = {isa = PBXFileReference; explicitFileType = wrapper.cfbundle; includeInIndex = 0; path = postcard2Tests.xctest; sourceTree = BUILT_PRODUCTS_DIR; };
		76F673961A0AEEA700AFE179 /* Info.plist */ = {isa = PBXFileReference; lastKnownFileType = text.plist.xml; path = Info.plist; sourceTree = "<group>"; };
		76F673971A0AEEA700AFE179 /* postcard2Tests.swift */ = {isa = PBXFileReference; lastKnownFileType = sourcecode.swift; path = postcard2Tests.swift; sourceTree = "<group>"; };
/* End PBXFileReference section */

/* Begin PBXFrameworksBuildPhase section */
		76F673791A0AEEA700AFE179 /* Frameworks */ = {
			isa = PBXFrameworksBuildPhase;
			buildActionMask = 2147483647;
			files = (
			);
			runOnlyForDeploymentPostprocessing = 0;
		};
		76F6738E1A0AEEA700AFE179 /* Frameworks */ = {
			isa = PBXFrameworksBuildPhase;
			buildActionMask = 2147483647;
			files = (
			);
			runOnlyForDeploymentPostprocessing = 0;
		};
/* End PBXFrameworksBuildPhase section */

/* Begin PBXGroup section */
		76F673731A0AEEA700AFE179 = {
			isa = PBXGroup;
			children = (
				76F6737E1A0AEEA700AFE179 /* postcard2 */,
				76F673941A0AEEA700AFE179 /* postcard2Tests */,
				76F6737D1A0AEEA700AFE179 /* Products */,
			);
			sourceTree = "<group>";
		};
		76F6737D1A0AEEA700AFE179 /* Products */ = {
			isa = PBXGroup;
			children = (
				76F6737C1A0AEEA700AFE179 /* postcard2.app */,
				76F673911A0AEEA700AFE179 /* postcard2Tests.xctest */,
			);
			name = Products;
			sourceTree = "<group>";
		};
		76F6737E1A0AEEA700AFE179 /* postcard2 */ = {
			isa = PBXGroup;
			children = (
				76F673811A0AEEA700AFE179 /* AppDelegate.swift */,
				76F673831A0AEEA700AFE179 /* ViewController.swift */,
				76F673851A0AEEA700AFE179 /* Main.storyboard */,
				76F673881A0AEEA700AFE179 /* Images.xcassets */,
				76F6738A1A0AEEA700AFE179 /* LaunchScreen.xib */,
				76F6737F1A0AEEA700AFE179 /* Supporting Files */,
			);
			path = postcard2;
			sourceTree = "<group>";
		};
		76F6737F1A0AEEA700AFE179 /* Supporting Files */ = {
			isa = PBXGroup;
			children = (
				76F673801A0AEEA700AFE179 /* Info.plist */,
			);
			name = "Supporting Files";
			sourceTree = "<group>";
		};
		76F673941A0AEEA700AFE179 /* postcard2Tests */ = {
			isa = PBXGroup;
			children = (
				76F673971A0AEEA700AFE179 /* postcard2Tests.swift */,
				76F673951A0AEEA700AFE179 /* Supporting Files */,
			);
			path = postcard2Tests;
			sourceTree = "<group>";
		};
		76F673951A0AEEA700AFE179 /* Supporting Files */ = {
			isa = PBXGroup;
			children = (
				76F673961A0AEEA700AFE179 /* Info.plist */,
			);
			name = "Supporting Files";
			sourceTree = "<group>";
		};
/* End PBXGroup section */

/* Begin PBXNativeTarget section */
		76F6737B1A0AEEA700AFE179 /* postcard2 */ = {
			isa = PBXNativeTarget;
			buildConfigurationList = 76F6739B1A0AEEA700AFE179 /* Build configuration list for PBXNativeTarget "postcard2" */;
			buildPhases = (
				76F673781A0AEEA700AFE179 /* Sources */,
				76F673791A0AEEA700AFE179 /* Frameworks */,
				76F6737A1A0AEEA700AFE179 /* Resources */,
			);
			buildRules = (
			);
			dependencies = (
			);
			name = postcard2;
			productName = postcard2;
			productReference = 76F6737C1A0AEEA700AFE179 /* postcard2.app */;
			productType = "com.apple.product-type.application";
		};
		76F673901A0AEEA700AFE179 /* postcard2Tests */ = {
			isa = PBXNativeTarget;
			buildConfigurationList = 76F6739E1A0AEEA700AFE179 /* Build configuration list for PBXNativeTarget "postcard2Tests" */;
			buildPhases = (
				76F6738D1A0AEEA700AFE179 /* Sources */,
				76F6738E1A0AEEA700AFE179 /* Frameworks */,
				76F6738F1A0AEEA700AFE179 /* Resources */,
			);
			buildRules = (
			);
			dependencies = (
				76F673931A0AEEA700AFE179 /* PBXTargetDependency */,
			);
			name = postcard2Tests;
			productName = postcard2Tests;
			productReference = 76F673911A0AEEA700AFE179 /* postcard2Tests.xctest */;
			productType = "com.apple.product-type.bundle.unit-test";
		};
/* End PBXNativeTarget section */

/* Begin PBXProject section */
		76F673741A0AEEA700AFE179 /* Project object */ = {
			isa = PBXProject;
			attributes = {
				LastUpgradeCheck = 0610;
				ORGANIZATIONNAME = "Lars Erik";
				TargetAttributes = {
					76F6737B1A0AEEA700AFE179 = {
						CreatedOnToolsVersion = 6.1;
					};
					76F673901A0AEEA700AFE179 = {
						CreatedOnToolsVersion = 6.1;
						TestTargetID = 76F6737B1A0AEEA700AFE179;
					};
				};
			};
			buildConfigurationList = 76F673771A0AEEA700AFE179 /* Build configuration list for PBXProject "postcard2" */;
			compatibilityVersion = "Xcode 3.2";
			developmentRegion = English;
			hasScannedForEncodings = 0;
			knownRegions = (
				en,
				Base,
			);
			mainGroup = 76F673731A0AEEA700AFE179;
			productRefGroup = 76F6737D1A0AEEA700AFE179 /* Products */;
			projectDirPath = "";
			projectRoot = "";
			targets = (
				76F6737B1A0AEEA700AFE179 /* postcard2 */,
				76F673901A0AEEA700AFE179 /* postcard2Tests */,
			);
		};
/* End PBXProject section */

/* Begin PBXResourcesBuildPhase section */
		76F6737A1A0AEEA700AFE179 /* Resources */ = {
			isa = PBXResourcesBuildPhase;
			buildActionMask = 2147483647;
			files = (
				76F673871A0AEEA700AFE179 /* Main.storyboard in Resources */,
				76F6738C1A0AEEA700AFE179 /* LaunchScreen.xib in Resources */,
				76F673891A0AEEA700AFE179 /* Images.xcassets in Resources */,
			);
			runOnlyForDeploymentPostprocessing = 0;
		};
		76F6738F1A0AEEA700AFE179 /* Resources */ = {
			isa = PBXResourcesBuildPhase;
			buildActionMask = 2147483647;
			files = (
			);
			runOnlyForDeploymentPostprocessing = 0;
		};
/* End PBXResourcesBuildPhase section */

/* Begin PBXSourcesBuildPhase section */
		76F673781A0AEEA700AFE179 /* Sources */ = {
			isa = PBXSourcesBuildPhase;
			buildActionMask = 2147483647;
			files = (
				76F673841A0AEEA700AFE179 /* ViewController.swift in Sources */,
				76F673821A0AEEA700AFE179 /* AppDelegate.swift in Sources */,
			);
			runOnlyForDeploymentPostprocessing = 0;
		};
		76F6738D1A0AEEA700AFE179 /* Sources */ = {
			isa = PBXSourcesBuildPhase;
			buildActionMask = 2147483647;
			files = (
				76F673981A0AEEA700AFE179 /* postcard2Tests.swift in Sources */,
			);
			runOnlyForDeploymentPostprocessing = 0;
		};
/* End PBXSourcesBuildPhase section */

/* Begin PBXTargetDependency section */
		76F673931A0AEEA700AFE179 /* PBXTargetDependency */ = {
			isa = PBXTargetDependency;
			target = 76F6737B1A0AEEA700AFE179 /* postcard2 */;
			targetProxy = 76F673921A0AEEA700AFE179 /* PBXContainerItemProxy */;
		};
/* End PBXTargetDependency section */

/* Begin PBXVariantGroup section */
		76F673851A0AEEA700AFE179 /* Main.storyboard */ = {
			isa = PBXVariantGroup;
			children = (
				76F673861A0AEEA700AFE179 /* Base */,
			);
			name = Main.storyboard;
			sourceTree = "<group>";
		};
		76F6738A1A0AEEA700AFE179 /* LaunchScreen.xib */ = {
			isa = PBXVariantGroup;
			children = (
				76F6738B1A0AEEA700AFE179 /* Base */,
			);
			name = LaunchScreen.xib;
			sourceTree = "<group>";
		};
/* End PBXVariantGroup section */

/* Begin XCBuildConfiguration section */
		76F673991A0AEEA700AFE179 /* Debug */ = {
			isa = XCBuildConfiguration;
			buildSettings = {
				ALWAYS_SEARCH_USER_PATHS = NO;
				CLANG_CXX_LANGUAGE_STANDARD = "gnu++0x";
				CLANG_CXX_LIBRARY = "libc++";
				CLANG_ENABLE_MODULES = YES;
				CLANG_ENABLE_OBJC_ARC = YES;
				CLANG_WARN_BOOL_CONVERSION = YES;
				CLANG_WARN_CONSTANT_CONVERSION = YES;
				CLANG_WARN_DIRECT_OBJC_ISA_USAGE = YES_ERROR;
				CLANG_WARN_EMPTY_BODY = YES;
				CLANG_WARN_ENUM_CONVERSION = YES;
				CLANG_WARN_INT_CONVERSION = YES;
				CLANG_WARN_OBJC_ROOT_CLASS = YES_ERROR;
				CLANG_WARN_UNREACHABLE_CODE = YES;
				CLANG_WARN__DUPLICATE_METHOD_MATCH = YES;
				"CODE_SIGN_IDENTITY[sdk=iphoneos*]" = "iPhone Developer";
				COPY_PHASE_STRIP = NO;
				ENABLE_STRICT_OBJC_MSGSEND = YES;
				GCC_C_LANGUAGE_STANDARD = gnu99;
				GCC_DYNAMIC_NO_PIC = NO;
				GCC_OPTIMIZATION_LEVEL = 0;
				GCC_PREPROCESSOR_DEFINITIONS = (
					"DEBUG=1",
					"$(inherited)",
				);
				GCC_SYMBOLS_PRIVATE_EXTERN = NO;
				GCC_WARN_64_TO_32_BIT_CONVERSION = YES;
				GCC_WARN_ABOUT_RETURN_TYPE = YES_ERROR;
				GCC_WARN_UNDECLARED_SELECTOR = YES;
				GCC_WARN_UNINITIALIZED_AUTOS = YES_AGGRESSIVE;
				GCC_WARN_UNUSED_FUNCTION = YES;
				GCC_WARN_UNUSED_VARIABLE = YES;
				IPHONEOS_DEPLOYMENT_TARGET = 8.1;
				MTL_ENABLE_DEBUG_INFO = YES;
				ONLY_ACTIVE_ARCH = YES;
				SDKROOT = iphoneos;
				SWIFT_OPTIMIZATION_LEVEL = "-Onone";
				TARGETED_DEVICE_FAMILY = "1,2";
			};
			name = Debug;
		};
		76F6739A1A0AEEA700AFE179 /* Release */ = {
			isa = XCBuildConfiguration;
			buildSettings = {
				ALWAYS_SEARCH_USER_PATHS = NO;
				CLANG_CXX_LANGUAGE_STANDARD = "gnu++0x";
				CLANG_CXX_LIBRARY = "libc++";
				CLANG_ENABLE_MODULES = YES;
				CLANG_ENABLE_OBJC_ARC = YES;
				CLANG_WARN_BOOL_CONVERSION = YES;
				CLANG_WARN_CONSTANT_CONVERSION = YES;
				CLANG_WARN_DIRECT_OBJC_ISA_USAGE = YES_ERROR;
				CLANG_WARN_EMPTY_BODY = YES;
				CLANG_WARN_ENUM_CONVERSION = YES;
				CLANG_WARN_INT_CONVERSION = YES;
				CLANG_WARN_OBJC_ROOT_CLASS = YES_ERROR;
				CLANG_WARN_UNREACHABLE_CODE = YES;
				CLANG_WARN__DUPLICATE_METHOD_MATCH = YES;
				"CODE_SIGN_IDENTITY[sdk=iphoneos*]" = "iPhone Developer";
				COPY_PHASE_STRIP = YES;
				ENABLE_NS_ASSERTIONS = NO;
				ENABLE_STRICT_OBJC_MSGSEND = YES;
				GCC_C_LANGUAGE_STANDARD = gnu99;
				GCC_WARN_64_TO_32_BIT_CONVERSION = YES;
				GCC_WARN_ABOUT_RETURN_TYPE = YES_ERROR;
				GCC_WARN_UNDECLARED_SELECTOR = YES;
				GCC_WARN_UNINITIALIZED_AUTOS = YES_AGGRESSIVE;
				GCC_WARN_UNUSED_FUNCTION = YES;
				GCC_WARN_UNUSED_VARIABLE = YES;
				IPHONEOS_DEPLOYMENT_TARGET = 8.1;
				MTL_ENABLE_DEBUG_INFO = NO;
				SDKROOT = iphoneos;
				TARGETED_DEVICE_FAMILY = "1,2";
				VALIDATE_PRODUCT = YES;
			};
			name = Release;
		};
		76F6739C1A0AEEA700AFE179 /* Debug */ = {
			isa = XCBuildConfiguration;
			buildSettings = {
				ASSETCATALOG_COMPILER_APPICON_NAME = AppIcon;
				INFOPLIST_FILE = postcard2/Info.plist;
				LD_RUNPATH_SEARCH_PATHS = "$(inherited) @executable_path/Frameworks";
				PRODUCT_NAME = "$(TARGET_NAME)";
			};
			name = Debug;
		};
		76F6739D1A0AEEA700AFE179 /* Release */ = {
			isa = XCBuildConfiguration;
			buildSettings = {
				ASSETCATALOG_COMPILER_APPICON_NAME = AppIcon;
				INFOPLIST_FILE = postcard2/Info.plist;
				LD_RUNPATH_SEARCH_PATHS = "$(inherited) @executable_path/Frameworks";
				PRODUCT_NAME = "$(TARGET_NAME)";
			};
			name = Release;
		};
		76F6739F1A0AEEA700AFE179 /* Debug */ = {
			isa = XCBuildConfiguration;
			buildSettings = {
				BUNDLE_LOADER = "$(TEST_HOST)";
				FRAMEWORK_SEARCH_PATHS = (
					"$(SDKROOT)/Developer/Library/Frameworks",
					"$(inherited)",
				);
				GCC_PREPROCESSOR_DEFINITIONS = (
					"DEBUG=1",
					"$(inherited)",
				);
				INFOPLIST_FILE = postcard2Tests/Info.plist;
				LD_RUNPATH_SEARCH_PATHS = "$(inherited) @executable_path/Frameworks @loader_path/Frameworks";
				PRODUCT_NAME = "$(TARGET_NAME)";
				TEST_HOST = "$(BUILT_PRODUCTS_DIR)/postcard2.app/postcard2";
			};
			name = Debug;
		};
		76F673A01A0AEEA700AFE179 /* Release */ = {
			isa = XCBuildConfiguration;
			buildSettings = {
				BUNDLE_LOADER = "$(TEST_HOST)";
				FRAMEWORK_SEARCH_PATHS = (
					"$(SDKROOT)/Developer/Library/Frameworks",
					"$(inherited)",
				);
				INFOPLIST_FILE = postcard2Tests/Info.plist;
				LD_RUNPATH_SEARCH_PATHS = "$(inherited) @executable_path/Frameworks @loader_path/Frameworks";
				PRODUCT_NAME = "$(TARGET_NAME)";
				TEST_HOST = "$(BUILT_PRODUCTS_DIR)/postcard2.app/postcard2";
			};
			name = Release;
		};
/* End XCBuildConfiguration section */

/* Begin XCConfigurationList section */
		76F673771A0AEEA700AFE179 /* Build configuration list for PBXProject "postcard2" */ = {
			isa = XCConfigurationList;
			buildConfigurations = (
				76F673991A0AEEA700AFE179 /* Debug */,
				76F6739A1A0AEEA700AFE179 /* Release */,
			);
			defaultConfigurationIsVisible = 0;
			defaultConfigurationName = Release;
		};
		76F6739B1A0AEEA700AFE179 /* Build configuration list for PBXNativeTarget "postcard2" */ = {
			isa = XCConfigurationList;
			buildConfigurations = (
				76F6739C1A0AEEA700AFE179 /* Debug */,
				76F6739D1A0AEEA700AFE179 /* Release */,
			);
			defaultConfigurationIsVisible = 0;
		};
		76F6739E1A0AEEA700AFE179 /* Build configuration list for PBXNativeTarget "postcard2Tests" */ = {
			isa = XCConfigurationList;
			buildConfigurations = (
				76F6739F1A0AEEA700AFE179 /* Debug */,
				76F673A01A0AEEA700AFE179 /* Release */,
			);
			defaultConfigurationIsVisible = 0;
		};
/* End XCConfigurationList section */
	};
	rootObject = 76F673741A0AEEA700AFE179 /* Project object */;
}
